
Microsoft Visual Studio Solution File, Format Version 12.00
# Visual Studio Version 17
VisualStudioVersion = 17.9.34701.34
MinimumVisualStudioVersion = 10.0.40219.1
Project("{FAE04EC0-301F-11D3-BF4B-00C04F79EFBC}") = "WebFormsApp", "WebFormsApp\WebFormsApp.csproj", "{7013DD95-273F-47A2-A4DE-64C92FDE21BE}"
EndProject
Global
	GlobalSection(SolutionConfigurationPlatforms) = preSolution
		Debug|Any CPU = Debug|Any CPU
		Release|Any CPU = Release|Any CPU
	EndGlobalSection
	GlobalSection(ProjectConfigurationPlatforms) = postSolution
		{7013DD95-273F-47A2-A4DE-64C92FDE21BE}.Debug|Any CPU.ActiveCfg = Debug|Any CPU
		{7013DD95-273F-47A2-A4DE-64C92FDE21BE}.Debug|Any CPU.Build.0 = Debug|Any CPU
		{7013DD95-273F-47A2-A4DE-64C92FDE21BE}.Release|Any CPU.ActiveCfg = Release|Any CPU
		{7013DD95-273F-47A2-A4DE-64C92FDE21BE}.Release|Any CPU.Build.0 = Release|Any CPU
	EndGlobalSection
	GlobalSection(SolutionProperties) = preSolution
		HideSolutionNode = FALSE
	EndGlobalSection
	GlobalSection(ExtensibilityGlobals) = postSolution
		SolutionGuid = {756759A1-E217-453F-A405-0E4B4947932D}
	EndGlobalSection
EndGlobal
